PODS:
  - PoporFoundation/NSObject (0.0.20)
  - PoporFoundation/PrefixCore (0.0.20):
    - PoporFoundation/PrefixOs
  - PoporFoundation/PrefixOs (0.0.20)
  - PoporPopNC (0.0.5):
    - PoporFoundation/NSObject
  - PoporUI/UIImage (0.0.12)

DEPENDENCIES:
  - PoporFoundation/PrefixCore
  - PoporPopNC (from `../`)
  - PoporUI/UIImage

SPEC REPOS:
  https://github.com/cocoapods/specs.git:
    - PoporFoundation
    - PoporUI

EXTERNAL SOURCES:
  PoporPopNC:
    :path: "../"

SPEC CHECKSUMS:
  PoporFoundation: ad9bed91f7e8770d0d9c8e0f5e6edcc9d28c508f
  PoporPopNC: f1e5396bcfa1ec207a18860eeb79ab540f31eea9
  PoporUI: 927aa4ca2b4eeae790a45cf35cfb2dde67298fcb

PODFILE CHECKSUM: 8d3f5c163ea8de3318b584f6d9e5c6814a06a7fa

COCOAPODS: 1.6.0.beta.1
